
Microsoft Visual Studio Solution File, Format Version 12.00
# Visual Studio Version 17
VisualStudioVersion = 17.1.32210.238
MinimumVisualStudioVersion = 10.0.40219.1
Project("{FAE04EC0-301F-11D3-BF4B-00C04F79EFBC}") = "mood analysier", "mood analysier\mood analysier.csproj", "{B908C35E-FEBF-4B6F-9B80-2007ED70D5C2}"
EndProject
Global
	GlobalSection(SolutionConfigurationPlatforms) = preSolution
		Debug|Any CPU = Debug|Any CPU
		Release|Any CPU = Release|Any CPU
	EndGlobalSection
	GlobalSection(ProjectConfigurationPlatforms) = postSolution
		{B908C35E-FEBF-4B6F-9B80-2007ED70D5C2}.Debug|Any CPU.ActiveCfg = Debug|Any CPU
		{B908C35E-FEBF-4B6F-9B80-2007ED70D5C2}.Debug|Any CPU.Build.0 = Debug|Any CPU
		{B908C35E-FEBF-4B6F-9B80-2007ED70D5C2}.Release|Any CPU.ActiveCfg = Release|Any CPU
		{B908C35E-FEBF-4B6F-9B80-2007ED70D5C2}.Release|Any CPU.Build.0 = Release|Any CPU
	EndGlobalSection
	GlobalSection(SolutionProperties) = preSolution
		HideSolutionNode = FALSE
	EndGlobalSection
	GlobalSection(ExtensibilityGlobals) = postSolution
		SolutionGuid = {A4E44FD1-0842-4917-BEA1-9DE1608075A5}
	EndGlobalSection
EndGlobal
